
Microsoft Visual Studio Solution File, Format Version 12.00
# Visual Studio Version 17
VisualStudioVersion = 17.3.32825.248
MinimumVisualStudioVersion = 10.0.40219.1
Project("{FAE04EC0-301F-11D3-BF4B-00C04F79EFBC}") = "Седьмая практическая", "Седьмая практическая\Седьмая практическая.csproj", "{09FAB184-103E-49A1-A138-E9BFE961B45F}"
EndProject
Global
	GlobalSection(SolutionConfigurationPlatforms) = preSolution
		Debug|Any CPU = Debug|Any CPU
		Release|Any CPU = Release|Any CPU
	EndGlobalSection
	GlobalSection(ProjectConfigurationPlatforms) = postSolution
		{09FAB184-103E-49A1-A138-E9BFE961B45F}.Debug|Any CPU.ActiveCfg = Debug|Any CPU
		{09FAB184-103E-49A1-A138-E9BFE961B45F}.Debug|Any CPU.Build.0 = Debug|Any CPU
		{09FAB184-103E-49A1-A138-E9BFE961B45F}.Release|Any CPU.ActiveCfg = Release|Any CPU
		{09FAB184-103E-49A1-A138-E9BFE961B45F}.Release|Any CPU.Build.0 = Release|Any CPU
	EndGlobalSection
	GlobalSection(SolutionProperties) = preSolution
		HideSolutionNode = FALSE
	EndGlobalSection
	GlobalSection(ExtensibilityGlobals) = postSolution
		SolutionGuid = {C65E09EF-17BE-4DDA-B072-741F5154CD66}
	EndGlobalSection
EndGlobal
